// !$*UTF8*$!
{
	archiveVersion = 1;
	classes = {
	};
	objectVersion = 46;
	objects = {

/* Begin PBXBuildFile section */
		C2970C251DA022190038042C /* main.m in Sources */ = {isa = PBXBuildFile; fileRef = C2970C241DA022190038042C /* main.m */; };
		C2970C281DA022190038042C /* AppDelegate.m in Sources */ = {isa = PBXBuildFile; fileRef = C2970C271DA022190038042C /* AppDelegate.m */; };
		C2970C2B1DA022190038042C /* ViewController.m in Sources */ = {isa = PBXBuildFile; fileRef = C2970C2A1DA022190038042C /* ViewController.m */; };
		C2970C2E1DA022190038042C /* Main.storyboard in Resources */ = {isa = PBXBuildFile; fileRef = C2970C2C1DA022190038042C /* Main.storyboard */; };
		C2970C301DA022190038042C /* Assets.xcassets in Resources */ = {isa = PBXBuildFile; fileRef = C2970C2F1DA022190038042C /* Assets.xcassets */; };
		C2970C331DA022190038042C /* LaunchScreen.storyboard in Resources */ = {isa = PBXBuildFile; fileRef = C2970C311DA022190038042C /* LaunchScreen.storyboard */; };
		C2970C3D1DA023BC0038042C /* LGHeadRefreshView.m in Sources */ = {isa = PBXBuildFile; fileRef = C2970C3C1DA023BC0038042C /* LGHeadRefreshView.m */; };
		C2970C401DA0A6060038042C /* LGFooterRefreshView.m in Sources */ = {isa = PBXBuildFile; fileRef = C2970C3F1DA0A6060038042C /* LGFooterRefreshView.m */; };
/* End PBXBuildFile section */

/* Begin PBXFileReference section */
		C2970C201DA022190038042C /* LGRefresh.app */ = {isa = PBXFileReference; explicitFileType = wrapper.application; includeInIndex = 0; path = LGRefresh.app; sourceTree = BUILT_PRODUCTS_DIR; };
		C2970C241DA022190038042C /* main.m */ = {isa = PBXFileReference; lastKnownFileType = sourcecode.c.objc; path = main.m; sourceTree = "<group>"; };
		C2970C261DA022190038042C /* AppDelegate.h */ = {isa = PBXFileReference; lastKnownFileType = sourcecode.c.h; path = AppDelegate.h; sourceTree = "<group>"; };
		C2970C271DA022190038042C /* AppDelegate.m */ = {isa = PBXFileReference; lastKnownFileType = sourcecode.c.objc; path = AppDelegate.m; sourceTree = "<group>"; };
		C2970C291DA022190038042C /* ViewController.h */ = {isa = PBXFileReference; lastKnownFileType = sourcecode.c.h; path = ViewController.h; sourceTree = "<group>"; };
		C2970C2A1DA022190038042C /* ViewController.m */ = {isa = PBXFileReference; lastKnownFileType = sourcecode.c.objc; path = ViewController.m; sourceTree = "<group>"; };
		C2970C2D1DA022190038042C /* Base */ = {isa = PBXFileReference; lastKnownFileType = file.storyboard; name = Base; path = Base.lproj/Main.storyboard; sourceTree = "<group>"; };
		C2970C2F1DA022190038042C /* Assets.xcassets */ = {isa = PBXFileReference; lastKnownFileType = folder.assetcatalog; path = Assets.xcassets; sourceTree = "<group>"; };
		C2970C321DA022190038042C /* Base */ = {isa = PBXFileReference; lastKnownFileType = file.storyboard; name = Base; path = Base.lproj/LaunchScreen.storyboard; sourceTree = "<group>"; };
		C2970C341DA022190038042C /* Info.plist */ = {isa = PBXFileReference; lastKnownFileType = text.plist.xml; path = Info.plist; sourceTree = "<group>"; };
		C2970C3B1DA023BC0038042C /* LGHeadRefreshView.h */ = {isa = PBXFileReference; fileEncoding = 4; lastKnownFileType = sourcecode.c.h; path = LGHeadRefreshView.h; sourceTree = "<group>"; };
		C2970C3C1DA023BC0038042C /* LGHeadRefreshView.m */ = {isa = PBXFileReference; fileEncoding = 4; lastKnownFileType = sourcecode.c.objc; path = LGHeadRefreshView.m; sourceTree = "<group>"; };
		C2970C3E1DA0A6060038042C /* LGFooterRefreshView.h */ = {isa = PBXFileReference; fileEncoding = 4; lastKnownFileType = sourcecode.c.h; path = LGFooterRefreshView.h; sourceTree = "<group>"; };
		C2970C3F1DA0A6060038042C /* LGFooterRefreshView.m */ = {isa = PBXFileReference; fileEncoding = 4; lastKnownFileType = sourcecode.c.objc; path = LGFooterRefreshView.m; sourceTree = "<group>"; };
/* End PBXFileReference section */

/* Begin PBXFrameworksBuildPhase section */
		C2970C1D1DA022190038042C /* Frameworks */ = {
			isa = PBXFrameworksBuildPhase;
			buildActionMask = 2147483647;
			files = (
			);
			runOnlyForDeploymentPostprocessing = 0;
		};
/* End PBXFrameworksBuildPhase section */

/* Begin PBXGroup section */
		C2970C171DA022190038042C = {
			isa = PBXGroup;
			children = (
				C2970C221DA022190038042C /* LGRefresh */,
				C2970C211DA022190038042C /* Products */,
			);
			sourceTree = "<group>";
		};
		C2970C211DA022190038042C /* Products */ = {
			isa = PBXGroup;
			children = (
				C2970C201DA022190038042C /* LGRefresh.app */,
			);
			name = Products;
			sourceTree = "<group>";
		};
		C2970C221DA022190038042C /* LGRefresh */ = {
			isa = PBXGroup;
			children = (
				C2970C3A1DA023880038042C /* LGRefresh */,
				C2970C261DA022190038042C /* AppDelegate.h */,
				C2970C271DA022190038042C /* AppDelegate.m */,
				C2970C291DA022190038042C /* ViewController.h */,
				C2970C2A1DA022190038042C /* ViewController.m */,
				C2970C2C1DA022190038042C /* Main.storyboard */,
				C2970C2F1DA022190038042C /* Assets.xcassets */,
				C2970C311DA022190038042C /* LaunchScreen.storyboard */,
				C2970C341DA022190038042C /* Info.plist */,
				C2970C231DA022190038042C /* Supporting Files */,
			);
			path = LGRefresh;
			sourceTree = "<group>";
		};
		C2970C231DA022190038042C /* Supporting Files */ = {
			isa = PBXGroup;
			children = (
				C2970C241DA022190038042C /* main.m */,
			);
			name = "Supporting Files";
			sourceTree = "<group>";
		};
		C2970C3A1DA023880038042C /* LGRefresh */ = {
			isa = PBXGroup;
			children = (
				C2970C3B1DA023BC0038042C /* LGHeadRefreshView.h */,
				C2970C3C1DA023BC0038042C /* LGHeadRefreshView.m */,
				C2970C3E1DA0A6060038042C /* LGFooterRefreshView.h */,
				C2970C3F1DA0A6060038042C /* LGFooterRefreshView.m */,
			);
			path = LGRefresh;
			sourceTree = "<group>";
		};
/* End PBXGroup section */

/* Begin PBXNativeTarget section */
		C2970C1F1DA022190038042C /* LGRefresh */ = {
			isa = PBXNativeTarget;
			buildConfigurationList = C2970C371DA022190038042C /* Build configuration list for PBXNativeTarget "LGRefresh" */;
			buildPhases = (
				C2970C1C1DA022190038042C /* Sources */,
				C2970C1D1DA022190038042C /* Frameworks */,
				C2970C1E1DA022190038042C /* Resources */,
			);
			buildRules = (
			);
			dependencies = (
			);
			name = LGRefresh;
			productName = LGRefresh;
			productReference = C2970C201DA022190038042C /* LGRefresh.app */;
			productType = "com.apple.product-type.application";
		};
/* End PBXNativeTarget section */

/* Begin PBXProject section */
		C2970C181DA022190038042C /* Project object */ = {
			isa = PBXProject;
			attributes = {
				LastUpgradeCheck = 0800;
				ORGANIZATIONNAME = DM;
				TargetAttributes = {
					C2970C1F1DA022190038042C = {
						CreatedOnToolsVersion = 8.0;
						DevelopmentTeam = J59FPVR7UV;
						ProvisioningStyle = Automatic;
					};
				};
			};
			buildConfigurationList = C2970C1B1DA022190038042C /* Build configuration list for PBXProject "LGRefresh" */;
			compatibilityVersion = "Xcode 3.2";
			developmentRegion = English;
			hasScannedForEncodings = 0;
			knownRegions = (
				en,
				Base,
			);
			mainGroup = C2970C171DA022190038042C;
			productRefGroup = C2970C211DA022190038042C /* Products */;
			projectDirPath = "";
			projectRoot = "";
			targets = (
				C2970C1F1DA022190038042C /* LGRefresh */,
			);
		};
/* End PBXProject section */

/* Begin PBXResourcesBuildPhase section */
		C2970C1E1DA022190038042C /* Resources */ = {
			isa = PBXResourcesBuildPhase;
			buildActionMask = 2147483647;
			files = (
				C2970C331DA022190038042C /* LaunchScreen.storyboard in Resources */,
				C2970C301DA022190038042C /* Assets.xcassets in Resources */,
				C2970C2E1DA022190038042C /* Main.storyboard in Resources */,
			);
			runOnlyForDeploymentPostprocessing = 0;
		};
/* End PBXResourcesBuildPhase section */

/* Begin PBXSourcesBuildPhase section */
		C2970C1C1DA022190038042C /* Sources */ = {
			isa = PBXSourcesBuildPhase;
			buildActionMask = 2147483647;
			files = (
				C2970C2B1DA022190038042C /* ViewController.m in Sources */,
				C2970C401DA0A6060038042C /* LGFooterRefreshView.m in Sources */,
				C2970C3D1DA023BC0038042C /* LGHeadRefreshView.m in Sources */,
				C2970C281DA022190038042C /* AppDelegate.m in Sources */,
				C2970C251DA022190038042C /* main.m in Sources */,
			);
			runOnlyForDeploymentPostprocessing = 0;
		};
/* End PBXSourcesBuildPhase section */

/* Begin PBXVariantGroup section */
		C2970C2C1DA022190038042C /* Main.storyboard */ = {
			isa = PBXVariantGroup;
			children = (
				C2970C2D1DA022190038042C /* Base */,
			);
			name = Main.storyboard;
			sourceTree = "<group>";
		};
		C2970C311DA022190038042C /* LaunchScreen.storyboard */ = {
			isa = PBXVariantGroup;
			children = (
				C2970C321DA022190038042C /* Base */,
			);
			name = LaunchScreen.storyboard;
			sourceTree = "<group>";
		};
/* End PBXVariantGroup section */

/* Begin XCBuildConfiguration section */
		C2970C351DA022190038042C /* Debug */ = {
			isa = XCBuildConfiguration;
			buildSettings = {
				ALWAYS_SEARCH_USER_PATHS = NO;
				CLANG_ANALYZER_NONNULL = YES;
				CLANG_CXX_LANGUAGE_STANDARD = "gnu++0x";
				CLANG_CXX_LIBRARY = "libc++";
				CLANG_ENABLE_MODULES = YES;
				CLANG_ENABLE_OBJC_ARC = YES;
				CLANG_WARN_BOOL_CONVERSION = YES;
				CLANG_WARN_CONSTANT_CONVERSION = YES;
				CLANG_WARN_DIRECT_OBJC_ISA_USAGE = YES_ERROR;
				CLANG_WARN_DOCUMENTATION_COMMENTS = YES;
				CLANG_WARN_EMPTY_BODY = YES;
				CLANG_WARN_ENUM_CONVERSION = YES;
				CLANG_WARN_INFINITE_RECURSION = YES;
				CLANG_WARN_INT_CONVERSION = YES;
				CLANG_WARN_OBJC_ROOT_CLASS = YES_ERROR;
				CLANG_WARN_SUSPICIOUS_MOVES = YES;
				CLANG_WARN_UNREACHABLE_CODE = YES;
				CLANG_WARN__DUPLICATE_METHOD_MATCH = YES;
				"CODE_SIGN_IDENTITY[sdk=iphoneos*]" = "iPhone Developer";
				COPY_PHASE_STRIP = NO;
				DEBUG_INFORMATION_FORMAT = dwarf;
				ENABLE_STRICT_OBJC_MSGSEND = YES;
				ENABLE_TESTABILITY = YES;
				GCC_C_LANGUAGE_STANDARD = gnu99;
				GCC_DYNAMIC_NO_PIC = NO;
				GCC_NO_COMMON_BLOCKS = YES;
				GCC_OPTIMIZATION_LEVEL = 0;
				GCC_PREPROCESSOR_DEFINITIONS = (
					"DEBUG=1",
					"$(inherited)",
				);
				GCC_WARN_64_TO_32_BIT_CONVERSION = YES;
				GCC_WARN_ABOUT_RETURN_TYPE = YES_ERROR;
				GCC_WARN_UNDECLARED_SELECTOR = YES;
				GCC_WARN_UNINITIALIZED_AUTOS = YES_AGGRESSIVE;
				GCC_WARN_UNUSED_FUNCTION = YES;
				GCC_WARN_UNUSED_VARIABLE = YES;
				IPHONEOS_DEPLOYMENT_TARGET = 10.0;
				MTL_ENABLE_DEBUG_INFO = YES;
				ONLY_ACTIVE_ARCH = YES;
				SDKROOT = iphoneos;
				TARGETED_DEVICE_FAMILY = "1,2";
			};
			name = Debug;
		};
		C2970C361DA022190038042C /* Release */ = {
			isa = XCBuildConfiguration;
			buildSettings = {
				ALWAYS_SEARCH_USER_PATHS = NO;
				CLANG_ANALYZER_NONNULL = YES;
				CLANG_CXX_LANGUAGE_STANDARD = "gnu++0x";
				CLANG_CXX_LIBRARY = "libc++";
				CLANG_ENABLE_MODULES = YES;
				CLANG_ENABLE_OBJC_ARC = YES;
				CLANG_WARN_BOOL_CONVERSION = YES;
				CLANG_WARN_CONSTANT_CONVERSION = YES;
				CLANG_WARN_DIRECT_OBJC_ISA_USAGE = YES_ERROR;
				CLANG_WARN_DOCUMENTATION_COMMENTS = YES;
				CLANG_WARN_EMPTY_BODY = YES;
				CLANG_WARN_ENUM_CONVERSION = YES;
				CLANG_WARN_INFINITE_RECURSION = YES;
				CLANG_WARN_INT_CONVERSION = YES;
				CLANG_WARN_OBJC_ROOT_CLASS = YES_ERROR;
				CLANG_WARN_SUSPICIOUS_MOVES = YES;
				CLANG_WARN_UNREACHABLE_CODE = YES;
				CLANG_WARN__DUPLICATE_METHOD_MATCH = YES;
				"CODE_SIGN_IDENTITY[sdk=iphoneos*]" = "iPhone Developer";
				COPY_PHASE_STRIP = NO;
				DEBUG_INFORMATION_FORMAT = "dwarf-with-dsym";
				ENABLE_NS_ASSERTIONS = NO;
				ENABLE_STRICT_OBJC_MSGSEND = YES;
				GCC_C_LANGUAGE_STANDARD = gnu99;
				GCC_NO_COMMON_BLOCKS = YES;
				GCC_WARN_64_TO_32_BIT_CONVERSION = YES;
				GCC_WARN_ABOUT_RETURN_TYPE = YES_ERROR;
				GCC_WARN_UNDECLARED_SELECTOR = YES;
				GCC_WARN_UNINITIALIZED_AUTOS = YES_AGGRESSIVE;
				GCC_WARN_UNUSED_FUNCTION = YES;
				GCC_WARN_UNUSED_VARIABLE = YES;
				IPHONEOS_DEPLOYMENT_TARGET = 10.0;
				MTL_ENABLE_DEBUG_INFO = NO;
				SDKROOT = iphoneos;
				TARGETED_DEVICE_FAMILY = "1,2";
				VALIDATE_PRODUCT = YES;
			};
			name = Release;
		};
		C2970C381DA022190038042C /* Debug */ = {
			isa = XCBuildConfiguration;
			buildSettings = {
				ASSETCATALOG_COMPILER_APPICON_NAME = AppIcon;
				DEVELOPMENT_TEAM = J59FPVR7UV;
				INFOPLIST_FILE = LGRefresh/Info.plist;
				IPHONEOS_DEPLOYMENT_TARGET = 9.0;
				LD_RUNPATH_SEARCH_PATHS = "$(inherited) @executable_path/Frameworks";
				PRODUCT_BUNDLE_IDENTIFIER = com.dianmeng.www.LGRefresh;
				PRODUCT_NAME = "$(TARGET_NAME)";
			};
			name = Debug;
		};
		C2970C391DA022190038042C /* Release */ = {
			isa = XCBuildConfiguration;
			buildSettings = {
				ASSETCATALOG_COMPILER_APPICON_NAME = AppIcon;
				DEVELOPMENT_TEAM = J59FPVR7UV;
				INFOPLIST_FILE = LGRefresh/Info.plist;
				IPHONEOS_DEPLOYMENT_TARGET = 9.0;
				LD_RUNPATH_SEARCH_PATHS = "$(inherited) @executable_path/Frameworks";
				PRODUCT_BUNDLE_IDENTIFIER = com.dianmeng.www.LGRefresh;
				PRODUCT_NAME = "$(TARGET_NAME)";
			};
			name = Release;
		};
/* End XCBuildConfiguration section */

/* Begin XCConfigurationList section */
		C2970C1B1DA022190038042C /* Build configuration list for PBXProject "LGRefresh" */ = {
			isa = XCConfigurationList;
			buildConfigurations = (
				C2970C351DA022190038042C /* Debug */,
				C2970C361DA022190038042C /* Release */,
			);
			defaultConfigurationIsVisible = 0;
			defaultConfigurationName = Release;
		};
		C2970C371DA022190038042C /* Build configuration list for PBXNativeTarget "LGRefresh" */ = {
			isa = XCConfigurationList;
			buildConfigurations = (
				C2970C381DA022190038042C /* Debug */,
				C2970C391DA022190038042C /* Release */,
			);
			defaultConfigurationIsVisible = 0;
			defaultConfigurationName = Release;
		};
/* End XCConfigurationList section */
	};
	rootObject = C2970C181DA022190038042C /* Project object */;
}
